
Microsoft Visual Studio Solution File, Format Version 12.00
# Visual Studio 15
VisualStudioVersion = 15.0.27703.2000
MinimumVisualStudioVersion = 10.0.40219.1
Project("{2150E333-8FDC-42A3-9474-1A3956D46DE8}") = "Application", "Application", "{15238935-4B50-4448-AEE1-51121CDCDE5A}"
EndProject
Project("{2150E333-8FDC-42A3-9474-1A3956D46DE8}") = "View", "View", "{56641DC5-DD3E-4854-A881-65095004A7B0}"
EndProject
Project("{2150E333-8FDC-42A3-9474-1A3956D46DE8}") = "Infra", "Infra", "{6D3E01D8-5FB2-40A2-84C0-93B4E00E15FE}"
EndProject
Project("{2150E333-8FDC-42A3-9474-1A3956D46DE8}") = "Domain", "Domain", "{F2F91F11-466B-473F-BC77-E00CC3D40821}"
EndProject
Project("{2150E333-8FDC-42A3-9474-1A3956D46DE8}") = "DAL", "DAL", "{D362EEA0-40B7-40A8-93D2-6AEFE78786E5}"
EndProject
Project("{2150E333-8FDC-42A3-9474-1A3956D46DE8}") = "Api", "Api", "{5498DA76-A394-423E-90C8-54823E54695E}"
EndProject
Project("{2150E333-8FDC-42A3-9474-1A3956D46DE8}") = "Crosscutting", "Crosscutting", "{B4C6518A-286E-4656-BE64-1DF5F7D36CD7}"
EndProject
Project("{2150E333-8FDC-42A3-9474-1A3956D46DE8}") = "ORM", "ORM", "{D5103BDA-7B09-4B00-82CB-D2CC48FB40BA}"
EndProject
Project("{2150E333-8FDC-42A3-9474-1A3956D46DE8}") = "Tests", "Tests", "{E4CA0CB2-65F1-4353-9A3E-41241AEB4485}"
EndProject
Project("{2150E333-8FDC-42A3-9474-1A3956D46DE8}") = "IoC", "IoC", "{2E04CD95-CF73-4F0B-B898-925B97FE931C}"
EndProject
Project("{2150E333-8FDC-42A3-9474-1A3956D46DE8}") = "Log", "Log", "{431107B1-9CF9-4AB4-97ED-159A32247AE9}"
EndProject
Project("{2150E333-8FDC-42A3-9474-1A3956D46DE8}") = "Exceptions", "Exceptions", "{B1B3C17D-9F5D-4404-9EF0-348090261C43}"
EndProject
Project("{2150E333-8FDC-42A3-9474-1A3956D46DE8}") = "ObjectMapper", "ObjectMapper", "{D961C07A-6DA4-490D-A3EF-8B6E577E3E1F}"
EndProject
Project("{2150E333-8FDC-42A3-9474-1A3956D46DE8}") = "Tests", "Tests", "{9260EAB3-67C2-4228-8600-8171C618709E}"
EndProject
Project("{2150E333-8FDC-42A3-9474-1A3956D46DE8}") = "Tests", "Tests", "{9D3AD54C-1EE9-4E57-8604-DD56C230BDA8}"
EndProject
Project("{9A19103F-16F7-4668-BE54-9A1E7A4F7556}") = "Pactor.Infra.Crosscutting.IoC", "Infra\Crosscutting\IoC\Pactor.Infra.Crosscutting.IoC\Pactor.Infra.Crosscutting.IoC.csproj", "{59C94469-A84B-47F7-AFDE-4FE01BCC6B27}"
EndProject
Project("{9A19103F-16F7-4668-BE54-9A1E7A4F7556}") = "Pactor.Infra.Crosscutting.IoCCore", "Infra\Crosscutting\IoC\Pactor.Infra.Crosscutting.IoCCore\Pactor.Infra.Crosscutting.IoCCore.csproj", "{C226EC21-05B1-424D-9F99-EC5C55CFB4B4}"
EndProject
Project("{9A19103F-16F7-4668-BE54-9A1E7A4F7556}") = "Pactor.Infra.Crosscutting.IoC.Tests", "Infra\Crosscutting\IoC\Tests\Pactor.Infra.Crosscutting.IoC.Tests\Pactor.Infra.Crosscutting.IoC.Tests.csproj", "{4A069199-A553-41FB-BAC5-CE8B6AE76A86}"
EndProject
Project("{9A19103F-16F7-4668-BE54-9A1E7A4F7556}") = "Pactor.Infra.Crosscutting.Log", "Infra\Crosscutting\Log\Pactor.Infra.Crosscutting.Log\Pactor.Infra.Crosscutting.Log.csproj", "{FCEE7123-BF25-4EA7-A7EB-6D4C0596B77D}"
EndProject
Project("{9A19103F-16F7-4668-BE54-9A1E7A4F7556}") = "Pactor.Infra.Crosscutting.LogCore", "Infra\Crosscutting\Log\Pactor.Infra.Crosscutting.LogCore\Pactor.Infra.Crosscutting.LogCore.csproj", "{91EA9295-1236-4C7E-85B4-4F0E519DDAD1}"
EndProject
Project("{9A19103F-16F7-4668-BE54-9A1E7A4F7556}") = "Pactor.Infra.Crosscutting.Log.Tests", "Infra\Crosscutting\Log\Tests\Pactor.Infra.Crosscutting.Log.Tests\Pactor.Infra.Crosscutting.Log.Tests.csproj", "{D3C74022-3BB7-4680-8132-D69C14ED8CF3}"
EndProject
Project("{9A19103F-16F7-4668-BE54-9A1E7A4F7556}") = "Pactor.Infra.Crosscutting.ObjectMapper", "Infra\Crosscutting\ObjectMapper\Pactor.Infra.Crosscutting.ObjectMapper\Pactor.Infra.Crosscutting.ObjectMapper.csproj", "{3EF7F679-5215-4662-ADEC-64D9A8B32522}"
EndProject
Project("{9A19103F-16F7-4668-BE54-9A1E7A4F7556}") = "Pactor.Infra.Crosscutting.Exceptions", "Infra\Crosscutting\Exceptions\Pactor.Infra.Crosscutting.Exceptions\Pactor.Infra.Crosscutting.Exceptions.csproj", "{1F6D8C1B-9E9D-42EB-B419-79BB90C24C5C}"
EndProject
Project("{9A19103F-16F7-4668-BE54-9A1E7A4F7556}") = "Pactor.Infra.DAL.ORM", "Infra\DAL\ORM\Pactor.Infra.DAL.ORM\Pactor.Infra.DAL.ORM.csproj", "{DF9F7FB1-9DB7-443F-AFDC-B284824B14AF}"
EndProject
Project("{9A19103F-16F7-4668-BE54-9A1E7A4F7556}") = "Pactor.Infra.DAL.ORM.Base", "Infra\DAL\ORM\Pactor.Infra.DAL.ORM.Base\Pactor.Infra.DAL.ORM.Base.csproj", "{19F89FF7-A533-428B-9F56-C393D80C30A9}"
EndProject
Project("{9A19103F-16F7-4668-BE54-9A1E7A4F7556}") = "Pactor.Infra.DAL.ORM.Dapper", "Infra\DAL\ORM\Pactor.Infra.DAL.ORM.Dapper\Pactor.Infra.DAL.ORM.Dapper.csproj", "{AD61AB34-75C2-4AF5-93A5-F25E7518E6AA}"
EndProject
Project("{9A19103F-16F7-4668-BE54-9A1E7A4F7556}") = "Pactor.Infra.DAL.ORM.NHibernate", "Infra\DAL\ORM\Pactor.Infra.DAL.ORM.NHibernate\Pactor.Infra.DAL.ORM.NHibernate.csproj", "{6AB3B0DF-FC9E-470F-96AA-01378A941461}"
EndProject
Project("{9A19103F-16F7-4668-BE54-9A1E7A4F7556}") = "Pactor.Infra.DAL.ORM.Tests", "Infra\DAL\ORM\Tests\Pactor.Infra.DAL.ORM.Tests\Pactor.Infra.DAL.ORM.Tests.csproj", "{EAA5CD04-E8FB-48D3-BA39-588DDC89CF65}"
EndProject
Project("{2150E333-8FDC-42A3-9474-1A3956D46DE8}") = "Secutiry", "Secutiry", "{8365F3A1-F8DC-4103-8A03-BA9EF606008B}"
EndProject
Project("{9A19103F-16F7-4668-BE54-9A1E7A4F7556}") = "Pactor.Infra.Crosscutting.Security", "Infra\Crosscutting\Security\Pactor.Infra.Crosscutting.Security\Pactor.Infra.Crosscutting.Security.csproj", "{398FA0D7-63D0-4A17-BBC1-B7819AFEB916}"
EndProject
Project("{9A19103F-16F7-4668-BE54-9A1E7A4F7556}") = "Pactor.Infra.DAL.ORM.IoCM", "Infra\DAL\ORM\Pactor.Infra.DAL.ORM.IoCM\Pactor.Infra.DAL.ORM.IoCM.csproj", "{75179906-0BD9-4537-873B-6F89149C0784}"
EndProject
Project("{9A19103F-16F7-4668-BE54-9A1E7A4F7556}") = "Pactor.Infra.Crosscutting.IoCM", "Infra\Crosscutting\Pactor.Infra.Crosscutting.IoCM\Pactor.Infra.Crosscutting.IoCM.csproj", "{00DA08AD-8FDF-4E3F-AFC6-93095673D42B}"
EndProject
Project("{9A19103F-16F7-4668-BE54-9A1E7A4F7556}") = "PersonalPlace.Domain.Entities", "Domain\PersonalPlace.Domain.Entities\PersonalPlace.Domain.Entities.csproj", "{4384C28B-C663-4254-86A8-65849AF4E763}"
EndProject
Project("{2150E333-8FDC-42A3-9474-1A3956D46DE8}") = "Base", "Base", "{A6D322BD-EDB8-4D36-A241-8239215458AE}"
EndProject
Project("{9A19103F-16F7-4668-BE54-9A1E7A4F7556}") = "PersonalPlace.Domain.Base.ORM", "Domain\Base\PersonalPlace.Domain.Base.ORM\PersonalPlace.Domain.Base.ORM.csproj", "{C7003DCD-DFF9-43A4-BBEA-2F0E11EC5753}"
EndProject
Project("{9A19103F-16F7-4668-BE54-9A1E7A4F7556}") = "PersonalPlace.Domain.Base", "Domain\Base\PersonalPlace.Domain.Base\PersonalPlace.Domain.Base.csproj", "{57573A03-84FC-439E-B2B8-18A85D950115}"
EndProject
Project("{9A19103F-16F7-4668-BE54-9A1E7A4F7556}") = "PersonalPlace.Domain.Validation", "Domain\PersonalPlace.Domain.Validation\PersonalPlace.Domain.Validation.csproj", "{A012B7E9-59EB-4354-A73A-5B0DC125F98A}"
EndProject
Project("{9A19103F-16F7-4668-BE54-9A1E7A4F7556}") = "PersonalPlace.Domain.Common", "Domain\PersonalPlace.Domain.Common\PersonalPlace.Domain.Common.csproj", "{1F7DAECB-559A-48DF-BA3C-7FEEAC5A36E4}"
EndProject
Project("{9A19103F-16F7-4668-BE54-9A1E7A4F7556}") = "PersonalPlace.Application.Api.Host", "Application\Api\PersonalPlace.Application.Api.Host\PersonalPlace.Application.Api.Host.csproj", "{18477A4D-057E-45D4-BEA0-A888800CCED6}"
EndProject
Project("{9A19103F-16F7-4668-BE54-9A1E7A4F7556}") = "PersonalPlace.Application.Api.Services", "Application\Api\PersonalPlace.Application.Api.Services\PersonalPlace.Application.Api.Services.csproj", "{EB021E1C-D6E3-4B96-86D6-28D67340740F}"
EndProject
Project("{9A19103F-16F7-4668-BE54-9A1E7A4F7556}") = "PersonalPlace.Domain.Queries", "Domain\PersonalPlace.Domain.Queries\PersonalPlace.Domain.Queries.csproj", "{236B71C5-7E34-440B-ACE8-56144B3DC48B}"
EndProject
Project("{9A19103F-16F7-4668-BE54-9A1E7A4F7556}") = "PersonalPlace.Domain.Contract", "Domain\PersonalPlace.Domain.Contract\PersonalPlace.Domain.Contract.csproj", "{5752D274-861A-4A74-9F96-2850F3EE8BAE}"
EndProject
Project("{2150E333-8FDC-42A3-9474-1A3956D46DE8}") = "Tests", "Tests", "{2FAC8201-7265-4103-9AA1-3164716B5135}"
EndProject
Project("{9A19103F-16F7-4668-BE54-9A1E7A4F7556}") = "Pactor.Infra.DAL.ORM.Tests.Base", "Infra\DAL\ORM\Tests\Pactor.Infra.DAL.ORM.Tests.Base\Pactor.Infra.DAL.ORM.Tests.Base.csproj", "{FEEFDEB1-4F46-4BDE-B57D-8F9C30E92389}"
EndProject
Project("{2150E333-8FDC-42A3-9474-1A3956D46DE8}") = "Tests", "Tests", "{B03CC189-F07E-4175-AE64-5882642A3922}"
EndProject
Project("{9A19103F-16F7-4668-BE54-9A1E7A4F7556}") = "PersonalPlace.Domain.Tests.Entities", "Domain\Tests\PersonalPlace.Domain.Tests.Entities\PersonalPlace.Domain.Tests.Entities.csproj", "{7488DE24-C464-4DA8-91B5-66D7B7172561}"
EndProject
Project("{9A19103F-16F7-4668-BE54-9A1E7A4F7556}") = "PersonalPlace.Domain.IoCM", "Domain\PersonalPlace.Domain.IoCM\PersonalPlace.Domain.IoCM.csproj", "{FDCE307A-FD3F-4987-AD65-E0A2B729EB6E}"
EndProject
Project("{2150E333-8FDC-42A3-9474-1A3956D46DE8}") = "Tests", "Tests", "{31B73D7E-758A-48E0-BDBB-7A60B2CB8D85}"
EndProject
Project("{FAE04EC0-301F-11D3-BF4B-00C04F79EFBC}") = "PersonalPlace.Application.Api.Tests", "Application\Api\Tests\PersonalPlace.Application.Api.Tests\PersonalPlace.Application.Api.Tests.csproj", "{EC03F8E4-5687-4405-A696-BFC53FC889E1}"
EndProject
Global
	GlobalSection(SolutionConfigurationPlatforms) = preSolution
		Debug|Any CPU = Debug|Any CPU
		Release|Any CPU = Release|Any CPU
	EndGlobalSection
	GlobalSection(ProjectConfigurationPlatforms) = postSolution
		{59C94469-A84B-47F7-AFDE-4FE01BCC6B27}.Debug|Any CPU.ActiveCfg = Debug|Any CPU
		{59C94469-A84B-47F7-AFDE-4FE01BCC6B27}.Debug|Any CPU.Build.0 = Debug|Any CPU
		{59C94469-A84B-47F7-AFDE-4FE01BCC6B27}.Release|Any CPU.ActiveCfg = Release|Any CPU
		{59C94469-A84B-47F7-AFDE-4FE01BCC6B27}.Release|Any CPU.Build.0 = Release|Any CPU
		{C226EC21-05B1-424D-9F99-EC5C55CFB4B4}.Debug|Any CPU.ActiveCfg = Debug|Any CPU
		{C226EC21-05B1-424D-9F99-EC5C55CFB4B4}.Debug|Any CPU.Build.0 = Debug|Any CPU
		{C226EC21-05B1-424D-9F99-EC5C55CFB4B4}.Release|Any CPU.ActiveCfg = Release|Any CPU
		{C226EC21-05B1-424D-9F99-EC5C55CFB4B4}.Release|Any CPU.Build.0 = Release|Any CPU
		{4A069199-A553-41FB-BAC5-CE8B6AE76A86}.Debug|Any CPU.ActiveCfg = Debug|Any CPU
		{4A069199-A553-41FB-BAC5-CE8B6AE76A86}.Debug|Any CPU.Build.0 = Debug|Any CPU
		{4A069199-A553-41FB-BAC5-CE8B6AE76A86}.Release|Any CPU.ActiveCfg = Release|Any CPU
		{4A069199-A553-41FB-BAC5-CE8B6AE76A86}.Release|Any CPU.Build.0 = Release|Any CPU
		{FCEE7123-BF25-4EA7-A7EB-6D4C0596B77D}.Debug|Any CPU.ActiveCfg = Debug|Any CPU
		{FCEE7123-BF25-4EA7-A7EB-6D4C0596B77D}.Debug|Any CPU.Build.0 = Debug|Any CPU
		{FCEE7123-BF25-4EA7-A7EB-6D4C0596B77D}.Release|Any CPU.ActiveCfg = Release|Any CPU
		{FCEE7123-BF25-4EA7-A7EB-6D4C0596B77D}.Release|Any CPU.Build.0 = Release|Any CPU
		{91EA9295-1236-4C7E-85B4-4F0E519DDAD1}.Debug|Any CPU.ActiveCfg = Debug|Any CPU
		{91EA9295-1236-4C7E-85B4-4F0E519DDAD1}.Debug|Any CPU.Build.0 = Debug|Any CPU
		{91EA9295-1236-4C7E-85B4-4F0E519DDAD1}.Release|Any CPU.ActiveCfg = Release|Any CPU
		{91EA9295-1236-4C7E-85B4-4F0E519DDAD1}.Release|Any CPU.Build.0 = Release|Any CPU
		{D3C74022-3BB7-4680-8132-D69C14ED8CF3}.Debug|Any CPU.ActiveCfg = Debug|Any CPU
		{D3C74022-3BB7-4680-8132-D69C14ED8CF3}.Debug|Any CPU.Build.0 = Debug|Any CPU
		{D3C74022-3BB7-4680-8132-D69C14ED8CF3}.Release|Any CPU.ActiveCfg = Release|Any CPU
		{D3C74022-3BB7-4680-8132-D69C14ED8CF3}.Release|Any CPU.Build.0 = Release|Any CPU
		{3EF7F679-5215-4662-ADEC-64D9A8B32522}.Debug|Any CPU.ActiveCfg = Debug|Any CPU
		{3EF7F679-5215-4662-ADEC-64D9A8B32522}.Debug|Any CPU.Build.0 = Debug|Any CPU
		{3EF7F679-5215-4662-ADEC-64D9A8B32522}.Release|Any CPU.ActiveCfg = Release|Any CPU
		{3EF7F679-5215-4662-ADEC-64D9A8B32522}.Release|Any CPU.Build.0 = Release|Any CPU
		{1F6D8C1B-9E9D-42EB-B419-79BB90C24C5C}.Debug|Any CPU.ActiveCfg = Debug|Any CPU
		{1F6D8C1B-9E9D-42EB-B419-79BB90C24C5C}.Debug|Any CPU.Build.0 = Debug|Any CPU
		{1F6D8C1B-9E9D-42EB-B419-79BB90C24C5C}.Release|Any CPU.ActiveCfg = Release|Any CPU
		{1F6D8C1B-9E9D-42EB-B419-79BB90C24C5C}.Release|Any CPU.Build.0 = Release|Any CPU
		{DF9F7FB1-9DB7-443F-AFDC-B284824B14AF}.Debug|Any CPU.ActiveCfg = Debug|Any CPU
		{DF9F7FB1-9DB7-443F-AFDC-B284824B14AF}.Debug|Any CPU.Build.0 = Debug|Any CPU
		{DF9F7FB1-9DB7-443F-AFDC-B284824B14AF}.Release|Any CPU.ActiveCfg = Release|Any CPU
		{DF9F7FB1-9DB7-443F-AFDC-B284824B14AF}.Release|Any CPU.Build.0 = Release|Any CPU
		{19F89FF7-A533-428B-9F56-C393D80C30A9}.Debug|Any CPU.ActiveCfg = Debug|Any CPU
		{19F89FF7-A533-428B-9F56-C393D80C30A9}.Debug|Any CPU.Build.0 = Debug|Any CPU
		{19F89FF7-A533-428B-9F56-C393D80C30A9}.Release|Any CPU.ActiveCfg = Release|Any CPU
		{19F89FF7-A533-428B-9F56-C393D80C30A9}.Release|Any CPU.Build.0 = Release|Any CPU
		{AD61AB34-75C2-4AF5-93A5-F25E7518E6AA}.Debug|Any CPU.ActiveCfg = Debug|Any CPU
		{AD61AB34-75C2-4AF5-93A5-F25E7518E6AA}.Debug|Any CPU.Build.0 = Debug|Any CPU
		{AD61AB34-75C2-4AF5-93A5-F25E7518E6AA}.Release|Any CPU.ActiveCfg = Release|Any CPU
		{AD61AB34-75C2-4AF5-93A5-F25E7518E6AA}.Release|Any CPU.Build.0 = Release|Any CPU
		{6AB3B0DF-FC9E-470F-96AA-01378A941461}.Debug|Any CPU.ActiveCfg = Debug|Any CPU
		{6AB3B0DF-FC9E-470F-96AA-01378A941461}.Debug|Any CPU.Build.0 = Debug|Any CPU
		{6AB3B0DF-FC9E-470F-96AA-01378A941461}.Release|Any CPU.ActiveCfg = Release|Any CPU
		{6AB3B0DF-FC9E-470F-96AA-01378A941461}.Release|Any CPU.Build.0 = Release|Any CPU
		{EAA5CD04-E8FB-48D3-BA39-588DDC89CF65}.Debug|Any CPU.ActiveCfg = Debug|Any CPU
		{EAA5CD04-E8FB-48D3-BA39-588DDC89CF65}.Debug|Any CPU.Build.0 = Debug|Any CPU
		{EAA5CD04-E8FB-48D3-BA39-588DDC89CF65}.Release|Any CPU.ActiveCfg = Release|Any CPU
		{EAA5CD04-E8FB-48D3-BA39-588DDC89CF65}.Release|Any CPU.Build.0 = Release|Any CPU
		{398FA0D7-63D0-4A17-BBC1-B7819AFEB916}.Debug|Any CPU.ActiveCfg = Debug|Any CPU
		{398FA0D7-63D0-4A17-BBC1-B7819AFEB916}.Debug|Any CPU.Build.0 = Debug|Any CPU
		{398FA0D7-63D0-4A17-BBC1-B7819AFEB916}.Release|Any CPU.ActiveCfg = Release|Any CPU
		{398FA0D7-63D0-4A17-BBC1-B7819AFEB916}.Release|Any CPU.Build.0 = Release|Any CPU
		{75179906-0BD9-4537-873B-6F89149C0784}.Debug|Any CPU.ActiveCfg = Debug|Any CPU
		{75179906-0BD9-4537-873B-6F89149C0784}.Debug|Any CPU.Build.0 = Debug|Any CPU
		{75179906-0BD9-4537-873B-6F89149C0784}.Release|Any CPU.ActiveCfg = Release|Any CPU
		{75179906-0BD9-4537-873B-6F89149C0784}.Release|Any CPU.Build.0 = Release|Any CPU
		{00DA08AD-8FDF-4E3F-AFC6-93095673D42B}.Debug|Any CPU.ActiveCfg = Debug|Any CPU
		{00DA08AD-8FDF-4E3F-AFC6-93095673D42B}.Debug|Any CPU.Build.0 = Debug|Any CPU
		{00DA08AD-8FDF-4E3F-AFC6-93095673D42B}.Release|Any CPU.ActiveCfg = Release|Any CPU
		{00DA08AD-8FDF-4E3F-AFC6-93095673D42B}.Release|Any CPU.Build.0 = Release|Any CPU
		{4384C28B-C663-4254-86A8-65849AF4E763}.Debug|Any CPU.ActiveCfg = Debug|Any CPU
		{4384C28B-C663-4254-86A8-65849AF4E763}.Debug|Any CPU.Build.0 = Debug|Any CPU
		{4384C28B-C663-4254-86A8-65849AF4E763}.Release|Any CPU.ActiveCfg = Release|Any CPU
		{4384C28B-C663-4254-86A8-65849AF4E763}.Release|Any CPU.Build.0 = Release|Any CPU
		{C7003DCD-DFF9-43A4-BBEA-2F0E11EC5753}.Debug|Any CPU.ActiveCfg = Debug|Any CPU
		{C7003DCD-DFF9-43A4-BBEA-2F0E11EC5753}.Debug|Any CPU.Build.0 = Debug|Any CPU
		{C7003DCD-DFF9-43A4-BBEA-2F0E11EC5753}.Release|Any CPU.ActiveCfg = Release|Any CPU
		{C7003DCD-DFF9-43A4-BBEA-2F0E11EC5753}.Release|Any CPU.Build.0 = Release|Any CPU
		{57573A03-84FC-439E-B2B8-18A85D950115}.Debug|Any CPU.ActiveCfg = Debug|Any CPU
		{57573A03-84FC-439E-B2B8-18A85D950115}.Debug|Any CPU.Build.0 = Debug|Any CPU
		{57573A03-84FC-439E-B2B8-18A85D950115}.Release|Any CPU.ActiveCfg = Release|Any CPU
		{57573A03-84FC-439E-B2B8-18A85D950115}.Release|Any CPU.Build.0 = Release|Any CPU
		{A012B7E9-59EB-4354-A73A-5B0DC125F98A}.Debug|Any CPU.ActiveCfg = Debug|Any CPU
		{A012B7E9-59EB-4354-A73A-5B0DC125F98A}.Debug|Any CPU.Build.0 = Debug|Any CPU
		{A012B7E9-59EB-4354-A73A-5B0DC125F98A}.Release|Any CPU.ActiveCfg = Release|Any CPU
		{A012B7E9-59EB-4354-A73A-5B0DC125F98A}.Release|Any CPU.Build.0 = Release|Any CPU
		{1F7DAECB-559A-48DF-BA3C-7FEEAC5A36E4}.Debug|Any CPU.ActiveCfg = Debug|Any CPU
		{1F7DAECB-559A-48DF-BA3C-7FEEAC5A36E4}.Debug|Any CPU.Build.0 = Debug|Any CPU
		{1F7DAECB-559A-48DF-BA3C-7FEEAC5A36E4}.Release|Any CPU.ActiveCfg = Release|Any CPU
		{1F7DAECB-559A-48DF-BA3C-7FEEAC5A36E4}.Release|Any CPU.Build.0 = Release|Any CPU
		{18477A4D-057E-45D4-BEA0-A888800CCED6}.Debug|Any CPU.ActiveCfg = Debug|Any CPU
		{18477A4D-057E-45D4-BEA0-A888800CCED6}.Debug|Any CPU.Build.0 = Debug|Any CPU
		{18477A4D-057E-45D4-BEA0-A888800CCED6}.Release|Any CPU.ActiveCfg = Release|Any CPU
		{18477A4D-057E-45D4-BEA0-A888800CCED6}.Release|Any CPU.Build.0 = Release|Any CPU
		{EB021E1C-D6E3-4B96-86D6-28D67340740F}.Debug|Any CPU.ActiveCfg = Debug|Any CPU
		{EB021E1C-D6E3-4B96-86D6-28D67340740F}.Debug|Any CPU.Build.0 = Debug|Any CPU
		{EB021E1C-D6E3-4B96-86D6-28D67340740F}.Release|Any CPU.ActiveCfg = Release|Any CPU
		{EB021E1C-D6E3-4B96-86D6-28D67340740F}.Release|Any CPU.Build.0 = Release|Any CPU
		{236B71C5-7E34-440B-ACE8-56144B3DC48B}.Debug|Any CPU.ActiveCfg = Debug|Any CPU
		{236B71C5-7E34-440B-ACE8-56144B3DC48B}.Debug|Any CPU.Build.0 = Debug|Any CPU
		{236B71C5-7E34-440B-ACE8-56144B3DC48B}.Release|Any CPU.ActiveCfg = Release|Any CPU
		{236B71C5-7E34-440B-ACE8-56144B3DC48B}.Release|Any CPU.Build.0 = Release|Any CPU
		{5752D274-861A-4A74-9F96-2850F3EE8BAE}.Debug|Any CPU.ActiveCfg = Debug|Any CPU
		{5752D274-861A-4A74-9F96-2850F3EE8BAE}.Debug|Any CPU.Build.0 = Debug|Any CPU
		{5752D274-861A-4A74-9F96-2850F3EE8BAE}.Release|Any CPU.ActiveCfg = Release|Any CPU
		{5752D274-861A-4A74-9F96-2850F3EE8BAE}.Release|Any CPU.Build.0 = Release|Any CPU
		{FEEFDEB1-4F46-4BDE-B57D-8F9C30E92389}.Debug|Any CPU.ActiveCfg = Debug|Any CPU
		{FEEFDEB1-4F46-4BDE-B57D-8F9C30E92389}.Debug|Any CPU.Build.0 = Debug|Any CPU
		{FEEFDEB1-4F46-4BDE-B57D-8F9C30E92389}.Release|Any CPU.ActiveCfg = Release|Any CPU
		{FEEFDEB1-4F46-4BDE-B57D-8F9C30E92389}.Release|Any CPU.Build.0 = Release|Any CPU
		{7488DE24-C464-4DA8-91B5-66D7B7172561}.Debug|Any CPU.ActiveCfg = Debug|Any CPU
		{7488DE24-C464-4DA8-91B5-66D7B7172561}.Debug|Any CPU.Build.0 = Debug|Any CPU
		{7488DE24-C464-4DA8-91B5-66D7B7172561}.Release|Any CPU.ActiveCfg = Release|Any CPU
		{7488DE24-C464-4DA8-91B5-66D7B7172561}.Release|Any CPU.Build.0 = Release|Any CPU
		{FDCE307A-FD3F-4987-AD65-E0A2B729EB6E}.Debug|Any CPU.ActiveCfg = Debug|Any CPU
		{FDCE307A-FD3F-4987-AD65-E0A2B729EB6E}.Debug|Any CPU.Build.0 = Debug|Any CPU
		{FDCE307A-FD3F-4987-AD65-E0A2B729EB6E}.Release|Any CPU.ActiveCfg = Release|Any CPU
		{FDCE307A-FD3F-4987-AD65-E0A2B729EB6E}.Release|Any CPU.Build.0 = Release|Any CPU
		{EC03F8E4-5687-4405-A696-BFC53FC889E1}.Debug|Any CPU.ActiveCfg = Debug|Any CPU
		{EC03F8E4-5687-4405-A696-BFC53FC889E1}.Debug|Any CPU.Build.0 = Debug|Any CPU
		{EC03F8E4-5687-4405-A696-BFC53FC889E1}.Release|Any CPU.ActiveCfg = Release|Any CPU
		{EC03F8E4-5687-4405-A696-BFC53FC889E1}.Release|Any CPU.Build.0 = Release|Any CPU
	EndGlobalSection
	GlobalSection(SolutionProperties) = preSolution
		HideSolutionNode = FALSE
	EndGlobalSection
	GlobalSection(NestedProjects) = preSolution
		{D362EEA0-40B7-40A8-93D2-6AEFE78786E5} = {6D3E01D8-5FB2-40A2-84C0-93B4E00E15FE}
		{B4C6518A-286E-4656-BE64-1DF5F7D36CD7} = {6D3E01D8-5FB2-40A2-84C0-93B4E00E15FE}
		{D5103BDA-7B09-4B00-82CB-D2CC48FB40BA} = {D362EEA0-40B7-40A8-93D2-6AEFE78786E5}
		{E4CA0CB2-65F1-4353-9A3E-41241AEB4485} = {D5103BDA-7B09-4B00-82CB-D2CC48FB40BA}
		{2E04CD95-CF73-4F0B-B898-925B97FE931C} = {B4C6518A-286E-4656-BE64-1DF5F7D36CD7}
		{431107B1-9CF9-4AB4-97ED-159A32247AE9} = {B4C6518A-286E-4656-BE64-1DF5F7D36CD7}
		{B1B3C17D-9F5D-4404-9EF0-348090261C43} = {B4C6518A-286E-4656-BE64-1DF5F7D36CD7}
		{D961C07A-6DA4-490D-A3EF-8B6E577E3E1F} = {B4C6518A-286E-4656-BE64-1DF5F7D36CD7}
		{9260EAB3-67C2-4228-8600-8171C618709E} = {2E04CD95-CF73-4F0B-B898-925B97FE931C}
		{9D3AD54C-1EE9-4E57-8604-DD56C230BDA8} = {431107B1-9CF9-4AB4-97ED-159A32247AE9}
		{59C94469-A84B-47F7-AFDE-4FE01BCC6B27} = {2E04CD95-CF73-4F0B-B898-925B97FE931C}
		{C226EC21-05B1-424D-9F99-EC5C55CFB4B4} = {2E04CD95-CF73-4F0B-B898-925B97FE931C}
		{4A069199-A553-41FB-BAC5-CE8B6AE76A86} = {9260EAB3-67C2-4228-8600-8171C618709E}
		{FCEE7123-BF25-4EA7-A7EB-6D4C0596B77D} = {431107B1-9CF9-4AB4-97ED-159A32247AE9}
		{91EA9295-1236-4C7E-85B4-4F0E519DDAD1} = {431107B1-9CF9-4AB4-97ED-159A32247AE9}
		{D3C74022-3BB7-4680-8132-D69C14ED8CF3} = {9D3AD54C-1EE9-4E57-8604-DD56C230BDA8}
		{3EF7F679-5215-4662-ADEC-64D9A8B32522} = {D961C07A-6DA4-490D-A3EF-8B6E577E3E1F}
		{1F6D8C1B-9E9D-42EB-B419-79BB90C24C5C} = {B1B3C17D-9F5D-4404-9EF0-348090261C43}
		{DF9F7FB1-9DB7-443F-AFDC-B284824B14AF} = {D5103BDA-7B09-4B00-82CB-D2CC48FB40BA}
		{19F89FF7-A533-428B-9F56-C393D80C30A9} = {D5103BDA-7B09-4B00-82CB-D2CC48FB40BA}
		{AD61AB34-75C2-4AF5-93A5-F25E7518E6AA} = {D5103BDA-7B09-4B00-82CB-D2CC48FB40BA}
		{6AB3B0DF-FC9E-470F-96AA-01378A941461} = {D5103BDA-7B09-4B00-82CB-D2CC48FB40BA}
		{EAA5CD04-E8FB-48D3-BA39-588DDC89CF65} = {E4CA0CB2-65F1-4353-9A3E-41241AEB4485}
		{8365F3A1-F8DC-4103-8A03-BA9EF606008B} = {B4C6518A-286E-4656-BE64-1DF5F7D36CD7}
		{398FA0D7-63D0-4A17-BBC1-B7819AFEB916} = {8365F3A1-F8DC-4103-8A03-BA9EF606008B}
		{75179906-0BD9-4537-873B-6F89149C0784} = {D5103BDA-7B09-4B00-82CB-D2CC48FB40BA}
		{00DA08AD-8FDF-4E3F-AFC6-93095673D42B} = {B4C6518A-286E-4656-BE64-1DF5F7D36CD7}
		{4384C28B-C663-4254-86A8-65849AF4E763} = {F2F91F11-466B-473F-BC77-E00CC3D40821}
		{A6D322BD-EDB8-4D36-A241-8239215458AE} = {F2F91F11-466B-473F-BC77-E00CC3D40821}
		{C7003DCD-DFF9-43A4-BBEA-2F0E11EC5753} = {A6D322BD-EDB8-4D36-A241-8239215458AE}
		{57573A03-84FC-439E-B2B8-18A85D950115} = {A6D322BD-EDB8-4D36-A241-8239215458AE}
		{A012B7E9-59EB-4354-A73A-5B0DC125F98A} = {F2F91F11-466B-473F-BC77-E00CC3D40821}
		{1F7DAECB-559A-48DF-BA3C-7FEEAC5A36E4} = {F2F91F11-466B-473F-BC77-E00CC3D40821}
		{18477A4D-057E-45D4-BEA0-A888800CCED6} = {5498DA76-A394-423E-90C8-54823E54695E}
		{EB021E1C-D6E3-4B96-86D6-28D67340740F} = {5498DA76-A394-423E-90C8-54823E54695E}
		{236B71C5-7E34-440B-ACE8-56144B3DC48B} = {F2F91F11-466B-473F-BC77-E00CC3D40821}
		{5752D274-861A-4A74-9F96-2850F3EE8BAE} = {F2F91F11-466B-473F-BC77-E00CC3D40821}
		{2FAC8201-7265-4103-9AA1-3164716B5135} = {B4C6518A-286E-4656-BE64-1DF5F7D36CD7}
		{FEEFDEB1-4F46-4BDE-B57D-8F9C30E92389} = {E4CA0CB2-65F1-4353-9A3E-41241AEB4485}
		{B03CC189-F07E-4175-AE64-5882642A3922} = {F2F91F11-466B-473F-BC77-E00CC3D40821}
		{7488DE24-C464-4DA8-91B5-66D7B7172561} = {B03CC189-F07E-4175-AE64-5882642A3922}
		{FDCE307A-FD3F-4987-AD65-E0A2B729EB6E} = {F2F91F11-466B-473F-BC77-E00CC3D40821}
		{31B73D7E-758A-48E0-BDBB-7A60B2CB8D85} = {5498DA76-A394-423E-90C8-54823E54695E}
		{EC03F8E4-5687-4405-A696-BFC53FC889E1} = {31B73D7E-758A-48E0-BDBB-7A60B2CB8D85}
	EndGlobalSection
	GlobalSection(ExtensibilityGlobals) = postSolution
		SolutionGuid = {D27B1E13-895C-48F7-9FE8-4A9EFC421619}
	EndGlobalSection
EndGlobal
